
Microsoft Visual Studio Solution File, Format Version 12.00
# Visual Studio Version 17
VisualStudioVersion = 17.0.31410.414
MinimumVisualStudioVersion = 10.0.40219.1
Project("{FAE04EC0-301F-11D3-BF4B-00C04F79EFBC}") = "SignalRLearning.Mvc", "SignalRLearning.Mvc\SignalRLearning.Mvc.csproj", "{E15B195E-8990-46D1-800E-95A5CC8FB1B7}"
EndProject
Project("{FAE04EC0-301F-11D3-BF4B-00C04F79EFBC}") = "SignalRLearning.Api", "SignalRLearning.Api\SignalRLearning.Api.csproj", "{9C0471B3-D9FB-40D9-9392-064F54970693}"
EndProject
Global
	GlobalSection(SolutionConfigurationPlatforms) = preSolution
		Debug|Any CPU = Debug|Any CPU
		Release|Any CPU = Release|Any CPU
	EndGlobalSection
	GlobalSection(ProjectConfigurationPlatforms) = postSolution
		{E15B195E-8990-46D1-800E-95A5CC8FB1B7}.Debug|Any CPU.ActiveCfg = Debug|Any CPU
		{E15B195E-8990-46D1-800E-95A5CC8FB1B7}.Debug|Any CPU.Build.0 = Debug|Any CPU
		{E15B195E-8990-46D1-800E-95A5CC8FB1B7}.Release|Any CPU.ActiveCfg = Release|Any CPU
		{E15B195E-8990-46D1-800E-95A5CC8FB1B7}.Release|Any CPU.Build.0 = Release|Any CPU
		{9C0471B3-D9FB-40D9-9392-064F54970693}.Debug|Any CPU.ActiveCfg = Debug|Any CPU
		{9C0471B3-D9FB-40D9-9392-064F54970693}.Debug|Any CPU.Build.0 = Debug|Any CPU
		{9C0471B3-D9FB-40D9-9392-064F54970693}.Release|Any CPU.ActiveCfg = Release|Any CPU
		{9C0471B3-D9FB-40D9-9392-064F54970693}.Release|Any CPU.Build.0 = Release|Any CPU
	EndGlobalSection
	GlobalSection(SolutionProperties) = preSolution
		HideSolutionNode = FALSE
	EndGlobalSection
	GlobalSection(ExtensibilityGlobals) = postSolution
		SolutionGuid = {1F447908-1340-4C4C-8898-1F982B68F2BE}
	EndGlobalSection
EndGlobal
